Microsoft Visual Studio Solution File, Format Version 12.00
# Visual Studio Version 17
VisualStudioVersion = 17.5.2.0
MinimumVisualStudioVersion = 10.0.40219.1
Project("{2150E333-8FDC-42A3-9474-1A3956D46DE8}") = "src", "src", "{827E0CD3-B72D-47B6-A68D-7590B98EB39B}"
EndProject
Project("{2150E333-8FDC-42A3-9474-1A3956D46DE8}") = "aspire", "aspire", "{52BF7FB6-37FF-5100-EFD1-124EFF302675}"
EndProject
Project("{FAE04EC0-301F-11D3-BF4B-00C04F79EFBC}") = "Prickle.AppHost", "src\aspire\Prickle.AppHost\Prickle.AppHost.csproj", "{882EB37C-8ADD-D44C-3EC4-D3CB8FC6305D}"
EndProject
Project("{FAE04EC0-301F-11D3-BF4B-00C04F79EFBC}") = "Prickle.ServiceDefaults", "src\aspire\Prickle.ServiceDefaults\Prickle.ServiceDefaults.csproj", "{74722DD6-5A56-B561-167B-1B382405C778}"
EndProject
Project("{2150E333-8FDC-42A3-9474-1A3956D46DE8}") = "backend", "backend", "{FE360695-3F2B-1049-3887-35FBB5135923}"
EndProject
Project("{FAE04EC0-301F-11D3-BF4B-00C04F79EFBC}") = "Prickle.Api", "src\backend\Prickle.Api\Prickle.Api.csproj", "{98F00C64-95F5-BF51-4B31-BF4B91126D6B}"
EndProject
Project("{FAE04EC0-301F-11D3-BF4B-00C04F79EFBC}") = "Prickle.Application", "src\backend\Prickle.Application\Prickle.Application.csproj", "{935B43F2-06B1-0C22-7A4E-AFDBD6298863}"
EndProject
Project("{FAE04EC0-301F-11D3-BF4B-00C04F79EFBC}") = "Prickle.Domain", "src\backend\Prickle.Domain\Prickle.Domain.csproj", "{97313FF9-0CA2-1F49-9006-B529C63CAE30}"
EndProject
Project("{FAE04EC0-301F-11D3-BF4B-00C04F79EFBC}") = "Prickle.Infrastructure", "src\backend\Prickle.Infrastructure\Prickle.Infrastructure.csproj", "{F60C5F7E-DEBA-6ED9-A22E-706ACC803C32}"
EndProject
Project("{2150E333-8FDC-42A3-9474-1A3956D46DE8}") = "shared", "shared", "{C8E42992-5E42-0C2B-DBFE-AA848D06431C}"
EndProject
Project("{FAE04EC0-301F-11D3-BF4B-00C04F79EFBC}") = "SharedKernel", "src\shared\SharedKernel\SharedKernel.csproj", "{28AFF8AA-481C-054D-0B92-3E91246BA178}"
EndProject
Global
	GlobalSection(SolutionConfigurationPlatforms) = preSolution
		Debug|Any CPU = Debug|Any CPU
		Release|Any CPU = Release|Any CPU
	EndGlobalSection
	GlobalSection(ProjectConfigurationPlatforms) = postSolution
		{882EB37C-8ADD-D44C-3EC4-D3CB8FC6305D}.Debug|Any CPU.ActiveCfg = Debug|Any CPU
		{882EB37C-8ADD-D44C-3EC4-D3CB8FC6305D}.Debug|Any CPU.Build.0 = Debug|Any CPU
		{882EB37C-8ADD-D44C-3EC4-D3CB8FC6305D}.Release|Any CPU.ActiveCfg = Release|Any CPU
		{882EB37C-8ADD-D44C-3EC4-D3CB8FC6305D}.Release|Any CPU.Build.0 = Release|Any CPU
		{74722DD6-5A56-B561-167B-1B382405C778}.Debug|Any CPU.ActiveCfg = Debug|Any CPU
		{74722DD6-5A56-B561-167B-1B382405C778}.Debug|Any CPU.Build.0 = Debug|Any CPU
		{74722DD6-5A56-B561-167B-1B382405C778}.Release|Any CPU.ActiveCfg = Release|Any CPU
		{74722DD6-5A56-B561-167B-1B382405C778}.Release|Any CPU.Build.0 = Release|Any CPU
		{98F00C64-95F5-BF51-4B31-BF4B91126D6B}.Debug|Any CPU.ActiveCfg = Debug|Any CPU
		{98F00C64-95F5-BF51-4B31-BF4B91126D6B}.Debug|Any CPU.Build.0 = Debug|Any CPU
		{98F00C64-95F5-BF51-4B31-BF4B91126D6B}.Release|Any CPU.ActiveCfg = Release|Any CPU
		{98F00C64-95F5-BF51-4B31-BF4B91126D6B}.Release|Any CPU.Build.0 = Release|Any CPU
		{935B43F2-06B1-0C22-7A4E-AFDBD6298863}.Debug|Any CPU.ActiveCfg = Debug|Any CPU
		{935B43F2-06B1-0C22-7A4E-AFDBD6298863}.Debug|Any CPU.Build.0 = Debug|Any CPU
		{935B43F2-06B1-0C22-7A4E-AFDBD6298863}.Release|Any CPU.ActiveCfg = Release|Any CPU
		{935B43F2-06B1-0C22-7A4E-AFDBD6298863}.Release|Any CPU.Build.0 = Release|Any CPU
		{97313FF9-0CA2-1F49-9006-B529C63CAE30}.Debug|Any CPU.ActiveCfg = Debug|Any CPU
		{97313FF9-0CA2-1F49-9006-B529C63CAE30}.Debug|Any CPU.Build.0 = Debug|Any CPU
		{97313FF9-0CA2-1F49-9006-B529C63CAE30}.Release|Any CPU.ActiveCfg = Release|Any CPU
		{97313FF9-0CA2-1F49-9006-B529C63CAE30}.Release|Any CPU.Build.0 = Release|Any CPU
		{F60C5F7E-DEBA-6ED9-A22E-706ACC803C32}.Debug|Any CPU.ActiveCfg = Debug|Any CPU
		{F60C5F7E-DEBA-6ED9-A22E-706ACC803C32}.Debug|Any CPU.Build.0 = Debug|Any CPU
		{F60C5F7E-DEBA-6ED9-A22E-706ACC803C32}.Release|Any CPU.ActiveCfg = Release|Any CPU
		{F60C5F7E-DEBA-6ED9-A22E-706ACC803C32}.Release|Any CPU.Build.0 = Release|Any CPU
		{28AFF8AA-481C-054D-0B92-3E91246BA178}.Debug|Any CPU.ActiveCfg = Debug|Any CPU
		{28AFF8AA-481C-054D-0B92-3E91246BA178}.Debug|Any CPU.Build.0 = Debug|Any CPU
		{28AFF8AA-481C-054D-0B92-3E91246BA178}.Release|Any CPU.ActiveCfg = Release|Any CPU
		{28AFF8AA-481C-054D-0B92-3E91246BA178}.Release|Any CPU.Build.0 = Release|Any CPU
	EndGlobalSection
	GlobalSection(SolutionProperties) = preSolution
		HideSolutionNode = FALSE
	EndGlobalSection
	GlobalSection(NestedProjects) = preSolution
		{52BF7FB6-37FF-5100-EFD1-124EFF302675} = {827E0CD3-B72D-47B6-A68D-7590B98EB39B}
		{882EB37C-8ADD-D44C-3EC4-D3CB8FC6305D} = {52BF7FB6-37FF-5100-EFD1-124EFF302675}
		{74722DD6-5A56-B561-167B-1B382405C778} = {52BF7FB6-37FF-5100-EFD1-124EFF302675}
		{FE360695-3F2B-1049-3887-35FBB5135923} = {827E0CD3-B72D-47B6-A68D-7590B98EB39B}
		{98F00C64-95F5-BF51-4B31-BF4B91126D6B} = {FE360695-3F2B-1049-3887-35FBB5135923}
		{935B43F2-06B1-0C22-7A4E-AFDBD6298863} = {FE360695-3F2B-1049-3887-35FBB5135923}
		{97313FF9-0CA2-1F49-9006-B529C63CAE30} = {FE360695-3F2B-1049-3887-35FBB5135923}
		{F60C5F7E-DEBA-6ED9-A22E-706ACC803C32} = {FE360695-3F2B-1049-3887-35FBB5135923}
		{C8E42992-5E42-0C2B-DBFE-AA848D06431C} = {827E0CD3-B72D-47B6-A68D-7590B98EB39B}
		{28AFF8AA-481C-054D-0B92-3E91246BA178} = {C8E42992-5E42-0C2B-DBFE-AA848D06431C}
	EndGlobalSection
	GlobalSection(ExtensibilityGlobals) = postSolution
		SolutionGuid = {C648044A-D73F-436C-ABD5-975293738DE5}
	EndGlobalSection
EndGlobal
